
Microsoft Visual Studio Solution File, Format Version 12.00
# Visual Studio 15
VisualStudioVersion = 15.0.25123.0
MinimumVisualStudioVersion = 10.0.40219.1
Project("{FAE04EC0-301F-11D3-BF4B-00C04F79EFBC}") = "LeagueClient", "LeagueClient\LeagueClient.csproj", "{76C6060D-BFC1-4741-B7E3-BAE09634CB64}"
EndProject
Project("{FAE04EC0-301F-11D3-BF4B-00C04F79EFBC}") = "rtmp-sharp", "rtmp-sharp\rtmp-sharp.csproj", "{AA1A4F5D-3BD4-4832-9F5D-90727007727E}"
EndProject
Project("{FAE04EC0-301F-11D3-BF4B-00C04F79EFBC}") = "RiotClient", "RiotClient\RiotClient.csproj", "{C0DBEC10-6A80-47E4-8DA2-A9D4513D4952}"
EndProject
Project("{2150E333-8FDC-42A3-9474-1A3956D46DE8}") = "libs", "libs", "{B8B5CEA2-DDB5-476E-8071-1CE1708B555A}"
EndProject
Project("{FAE04EC0-301F-11D3-BF4B-00C04F79EFBC}") = "Parsing", "..\Libraries\Parsing\Parsing.csproj", "{6CC2AB6C-8D74-4965-B19C-7526D32C2097}"
EndProject
Project("{FAE04EC0-301F-11D3-BF4B-00C04F79EFBC}") = "RiotAPI", "..\Libraries\RiotAPI\RiotAPI.csproj", "{68A7CA3C-C11E-4237-95E7-B6CA129DAE61}"
EndProject
Global
	GlobalSection(SolutionConfigurationPlatforms) = preSolution
		Debug|Any CPU = Debug|Any CPU
		Release|Any CPU = Release|Any CPU
	EndGlobalSection
	GlobalSection(ProjectConfigurationPlatforms) = postSolution
		{76C6060D-BFC1-4741-B7E3-BAE09634CB64}.Debug|Any CPU.ActiveCfg = Debug|Any CPU
		{76C6060D-BFC1-4741-B7E3-BAE09634CB64}.Debug|Any CPU.Build.0 = Debug|Any CPU
		{76C6060D-BFC1-4741-B7E3-BAE09634CB64}.Release|Any CPU.ActiveCfg = Release|Any CPU
		{76C6060D-BFC1-4741-B7E3-BAE09634CB64}.Release|Any CPU.Build.0 = Release|Any CPU
		{AA1A4F5D-3BD4-4832-9F5D-90727007727E}.Debug|Any CPU.ActiveCfg = Debug|Any CPU
		{AA1A4F5D-3BD4-4832-9F5D-90727007727E}.Debug|Any CPU.Build.0 = Debug|Any CPU
		{AA1A4F5D-3BD4-4832-9F5D-90727007727E}.Release|Any CPU.ActiveCfg = Release|Any CPU
		{AA1A4F5D-3BD4-4832-9F5D-90727007727E}.Release|Any CPU.Build.0 = Release|Any CPU
		{C0DBEC10-6A80-47E4-8DA2-A9D4513D4952}.Debug|Any CPU.ActiveCfg = Debug|Any CPU
		{C0DBEC10-6A80-47E4-8DA2-A9D4513D4952}.Debug|Any CPU.Build.0 = Debug|Any CPU
		{C0DBEC10-6A80-47E4-8DA2-A9D4513D4952}.Release|Any CPU.ActiveCfg = Release|Any CPU
		{C0DBEC10-6A80-47E4-8DA2-A9D4513D4952}.Release|Any CPU.Build.0 = Release|Any CPU
		{6CC2AB6C-8D74-4965-B19C-7526D32C2097}.Debug|Any CPU.ActiveCfg = Debug|Any CPU
		{6CC2AB6C-8D74-4965-B19C-7526D32C2097}.Debug|Any CPU.Build.0 = Debug|Any CPU
		{6CC2AB6C-8D74-4965-B19C-7526D32C2097}.Release|Any CPU.ActiveCfg = Release|Any CPU
		{6CC2AB6C-8D74-4965-B19C-7526D32C2097}.Release|Any CPU.Build.0 = Release|Any CPU
		{68A7CA3C-C11E-4237-95E7-B6CA129DAE61}.Debug|Any CPU.ActiveCfg = Debug|Any CPU
		{68A7CA3C-C11E-4237-95E7-B6CA129DAE61}.Debug|Any CPU.Build.0 = Debug|Any CPU
		{68A7CA3C-C11E-4237-95E7-B6CA129DAE61}.Release|Any CPU.ActiveCfg = Release|Any CPU
		{68A7CA3C-C11E-4237-95E7-B6CA129DAE61}.Release|Any CPU.Build.0 = Release|Any CPU
	EndGlobalSection
	GlobalSection(SolutionProperties) = preSolution
		HideSolutionNode = FALSE
	EndGlobalSection
EndGlobal
